
Microsoft Visual Studio Solution File, Format Version 12.00
# Visual Studio Version 16
VisualStudioVersion = 16.0.29123.88
MinimumVisualStudioVersion = 10.0.40219.1
Project("{9A19103F-16F7-4668-BE54-9A1E7A4F7556}") = "Heroes.Graphics.Essentials", "Heroes.Graphics.Essentials\Heroes.Graphics.Essentials.csproj", "{0C98DEBF-6E0F-491B-BD22-114CDC56D24D}"
EndProject
Project("{9A19103F-16F7-4668-BE54-9A1E7A4F7556}") = "Heroes.Graphics.Essentials.Definitions", "Heroes.Graphics.Essentials.Shared\Heroes.Graphics.Essentials.Definitions.csproj", "{3C5F7881-EDB1-4102-BD8E-16DE8CCE5BBF}"
EndProject
Project("{FAE04EC0-301F-11D3-BF4B-00C04F79EFBC}") = "Heroes.Graphics.Essentials.Hooks", "Heroes.Graphics.Essentials.Unoptimized\Heroes.Graphics.Essentials.Hooks.csproj", "{3CD3EEAB-A451-477E-A274-53B1886289A6}"
EndProject
Global
	GlobalSection(SolutionConfigurationPlatforms) = preSolution
		Debug|Any CPU = Debug|Any CPU
		Release|Any CPU = Release|Any CPU
	EndGlobalSection
	GlobalSection(ProjectConfigurationPlatforms) = postSolution
		{0C98DEBF-6E0F-491B-BD22-114CDC56D24D}.Debug|Any CPU.ActiveCfg = Debug|Any CPU
		{0C98DEBF-6E0F-491B-BD22-114CDC56D24D}.Debug|Any CPU.Build.0 = Debug|Any CPU
		{0C98DEBF-6E0F-491B-BD22-114CDC56D24D}.Release|Any CPU.ActiveCfg = Release|Any CPU
		{0C98DEBF-6E0F-491B-BD22-114CDC56D24D}.Release|Any CPU.Build.0 = Release|Any CPU
		{3C5F7881-EDB1-4102-BD8E-16DE8CCE5BBF}.Debug|Any CPU.ActiveCfg = Debug|Any CPU
		{3C5F7881-EDB1-4102-BD8E-16DE8CCE5BBF}.Debug|Any CPU.Build.0 = Debug|Any CPU
		{3C5F7881-EDB1-4102-BD8E-16DE8CCE5BBF}.Release|Any CPU.ActiveCfg = Release|Any CPU
		{3C5F7881-EDB1-4102-BD8E-16DE8CCE5BBF}.Release|Any CPU.Build.0 = Release|Any CPU
		{3CD3EEAB-A451-477E-A274-53B1886289A6}.Debug|Any CPU.ActiveCfg = Release|Any CPU
		{3CD3EEAB-A451-477E-A274-53B1886289A6}.Debug|Any CPU.Build.0 = Release|Any CPU
		{3CD3EEAB-A451-477E-A274-53B1886289A6}.Release|Any CPU.ActiveCfg = Release|Any CPU
		{3CD3EEAB-A451-477E-A274-53B1886289A6}.Release|Any CPU.Build.0 = Release|Any CPU
	EndGlobalSection
	GlobalSection(SolutionProperties) = preSolution
		HideSolutionNode = FALSE
	EndGlobalSection
	GlobalSection(ExtensibilityGlobals) = postSolution
		SolutionGuid = {0252DDFB-9030-4057-A32A-A753899DD23C}
	EndGlobalSection
EndGlobal
